
Microsoft Visual Studio Solution File, Format Version 12.00
Project("{FAE04EC0-301F-11D3-BF4B-00C04F79EFBC}") = "Lego", "Lego\Lego.csproj", "{23EAEBD0-E357-41A4-A7AE-67A66D55327B}"
EndProject
Global
	GlobalSection(SolutionConfigurationPlatforms) = preSolution
		Debug|Any CPU = Debug|Any CPU
		Release|Any CPU = Release|Any CPU
	EndGlobalSection
	GlobalSection(ProjectConfigurationPlatforms) = postSolution
		{23EAEBD0-E357-41A4-A7AE-67A66D55327B}.Debug|Any CPU.ActiveCfg = Debug|Any CPU
		{23EAEBD0-E357-41A4-A7AE-67A66D55327B}.Debug|Any CPU.Build.0 = Debug|Any CPU
		{23EAEBD0-E357-41A4-A7AE-67A66D55327B}.Release|Any CPU.ActiveCfg = Release|Any CPU
		{23EAEBD0-E357-41A4-A7AE-67A66D55327B}.Release|Any CPU.Build.0 = Release|Any CPU
	EndGlobalSection
EndGlobal
